{
  "pins" : [
    {
      "identity" : "action-cable-swift",
      "kind" : "remoteSourceControl",
      "location" : "https://github.com/nerzh/Action-Cable-Swift",
      "state" : {
        "revision" : "85b9cdee8cde32bc0a069c623098415aed4597e8",
        "version" : "1.0.1"
      }
    },
    {
      "identity" : "ed25519",
      "kind" : "remoteSourceControl",
      "location" : "https://github.com/bytehubio/ed25519",
      "state" : {
        "revision" : "849a8ab66a262dfd2dbbf1f375ce6d840252de3d",
        "version" : "1.0.0"
      }
    },
    {
      "identity" : "runtime",
      "kind" : "remoteSourceControl",
      "location" : "https://github.com/urlaunched-com/Runtime",
      "state" : {
        "revision" : "ea112a73f7a8772a92b125ceeaaf61f1844466bd",
        "version" : "2.2.6"
      }
    },
    {
      "identity" : "swift-algorithms",
      "kind" : "remoteSourceControl",
      "location" : "https://github.com/apple/swift-algorithms.git",
      "state" : {
        "revision" : "87e50f483c54e6efd60e885f7f5aa946cee68023",
        "version" : "1.2.1"
      }
    },
    {
      "identity" : "swift-atomics",
      "kind" : "remoteSourceControl",
      "location" : "https://github.com/apple/swift-atomics.git",
      "state" : {
        "revision" : "b601256eab081c0f92f059e12818ac1d4f178ff7",
        "version" : "1.3.0"
      }
    },
    {
      "identity" : "swift-collections",
      "kind" : "remoteSourceControl",
      "location" : "https://github.com/apple/swift-collections",
      "state" : {
        "revision" : "7b847a3b7008b2dc2f47ca3110d8c782fb2e5c7e",
        "version" : "1.3.0"
      }
    },
    {
      "identity" : "swift-crypto",
      "kind" : "remoteSourceControl",
      "location" : "https://github.com/apple/swift-crypto.git",
      "state" : {
        "revision" : "60f13f60c4d093691934dc6cfdf5f508ada1f894",
        "version" : "2.6.0"
      }
    },
    {
      "identity" : "swift-extensions-pack",
      "kind" : "remoteSourceControl",
      "location" : "https://github.com/nerzh/swift-extensions-pack.git",
      "state" : {
        "revision" : "590d6cd79f3e176c25d6caaeaef760b93eb07cef",
        "version" : "1.27.2"
      }
    },
    {
      "identity" : "swift-http-structured-headers",
      "kind" : "remoteSourceControl",
      "location" : "https://github.com/apple/swift-http-structured-headers.git",
      "state" : {
        "revision" : "76d7627bd88b47bf5a0f8497dd244885960dde0b",
        "version" : "1.6.0"
      }
    },
    {
      "identity" : "swift-http-types",
      "kind" : "remoteSourceControl",
      "location" : "https://github.com/apple/swift-http-types.git",
      "state" : {
        "revision" : "45eb0224913ea070ec4fba17291b9e7ecf4749ca",
        "version" : "1.5.1"
      }
    },
    {
      "identity" : "swift-log",
      "kind" : "remoteSourceControl",
      "location" : "https://github.com/apple/swift-log.git",
      "state" : {
        "revision" : "ca538143e2dc2b5996c34b9322a1ed9def1d7747",
        "version" : "1.7.0"
      }
    },
    {
      "identity" : "swift-nio",
      "kind" : "remoteSourceControl",
      "location" : "https://github.com/apple/swift-nio.git",
      "state" : {
        "revision" : "663ddc80f2081c8f22e417cbac5f80270a93795e",
        "version" : "2.91.0"
      }
    },
    {
      "identity" : "swift-nio-extras",
      "kind" : "remoteSourceControl",
      "location" : "https://github.com/apple/swift-nio-extras.git",
      "state" : {
        "revision" : "f1f6f772198bee35d99dd145f1513d8581a54f2c",
        "version" : "1.26.0"
      }
    },
    {
      "identity" : "swift-nio-http2",
      "kind" : "remoteSourceControl",
      "location" : "https://github.com/apple/swift-nio-http2.git",
      "state" : {
        "revision" : "c2ba4cfbb83f307c66f5a6df6bb43e3c88dfbf80",
        "version" : "1.39.0"
      }
    },
    {
      "identity" : "swift-nio-ssl",
      "kind" : "remoteSourceControl",
      "location" : "https://github.com/apple/swift-nio-ssl.git",
      "state" : {
        "revision" : "173cc69a058623525a58ae6710e2f5727c663793",
        "version" : "2.36.0"
      }
    },
    {
      "identity" : "swift-nio-transport-services",
      "kind" : "remoteSourceControl",
      "location" : "https://github.com/apple/swift-nio-transport-services.git",
      "state" : {
        "revision" : "60c3e187154421171721c1a38e800b390680fb5d",
        "version" : "1.26.0"
      }
    },
    {
      "identity" : "swift-numerics",
      "kind" : "remoteSourceControl",
      "location" : "https://github.com/apple/swift-numerics.git",
      "state" : {
        "revision" : "0c0290ff6b24942dadb83a929ffaaa1481df04a2",
        "version" : "1.1.1"
      }
    },
    {
      "identity" : "swift-regular-expression",
      "kind" : "remoteSourceControl",
      "location" : "https://github.com/nerzh/swift-regular-expression.git",
      "state" : {
        "revision" : "19c3e569a8e81da6f7f4ee3b73028c25737d3706",
        "version" : "0.2.4"
      }
    },
    {
      "identity" : "swift-system",
      "kind" : "remoteSourceControl",
      "location" : "https://github.com/apple/swift-system.git",
      "state" : {
        "revision" : "395a77f0aa927f0ff73941d7ac35f2b46d47c9db",
        "version" : "1.6.3"
      }
    },
    {
      "identity" : "swiftui-udf",
      "kind" : "remoteSourceControl",
      "location" : "https://github.com/Maks-Jago/SwiftUI-UDF",
      "state" : {
        "revision" : "c42139920fe957277e93cf923551f1c15b4ac839",
        "version" : "1.4.8"
      }
    },
    {
      "identity" : "websocket-kit",
      "kind" : "remoteSourceControl",
      "location" : "https://github.com/vapor/websocket-kit",
      "state" : {
        "revision" : "8666c92dbbb3c8eefc8008c9c8dcf50bfd302167",
        "version" : "2.16.1"
      }
    }
  ],
  "version" : 2
}
