{
  "pins" : [
    {
      "identity" : "action-cable-swift",
      "kind" : "remoteSourceControl",
      "location" : "https://github.com/nerzh/Action-Cable-Swift",
      "state" : {
        "revision" : "6b85886cc01a30c2b6322019271181c120bfc4b0",
        "version" : "0.4.0"
      }
    },
    {
      "identity" : "starscream",
      "kind" : "remoteSourceControl",
      "location" : "https://github.com/daltoniam/Starscream.git",
      "state" : {
        "revision" : "ac6c0fc9da221873e01bd1a0d4818498a71eef33",
        "version" : "4.0.6"
      }
    },
    {
      "identity" : "swift-collections",
      "kind" : "remoteSourceControl",
      "location" : "https://github.com/apple/swift-collections",
      "state" : {
        "revision" : "a902f1823a7ff3c9ab2fba0f992396b948eda307",
        "version" : "1.0.5"
      }
    },
    {
      "identity" : "swift-extensions-pack",
      "kind" : "remoteSourceControl",
      "location" : "https://github.com/nerzh/swift-extensions-pack.git",
      "state" : {
        "revision" : "aaf0dc4df497630c9076475d33f42f47fc10a26c",
        "version" : "0.5.9"
      }
    },
    {
      "identity" : "swift-regular-expression",
      "kind" : "remoteSourceControl",
      "location" : "https://github.com/nerzh/swift-regular-expression.git",
      "state" : {
        "revision" : "19c3e569a8e81da6f7f4ee3b73028c25737d3706",
        "version" : "0.2.4"
      }
    },
    {
      "identity" : "swiftui-udf",
      "kind" : "remoteSourceControl",
      "location" : "https://github.com/Maks-Jago/SwiftUI-UDF",
      "state" : {
        "revision" : "2ceecff1da919f717c7581a56b0af37e96abdcb2",
        "version" : "1.4.1-alpha.6"
      }
    }
  ],
  "version" : 2
}
